
Microsoft Visual Studio Solution File, Format Version 12.00
# Visual Studio 15
Project("{FAE04EC0-301F-11D3-BF4B-00C04F79EFBC}") = "Unity.XR.Interaction.Toolkit.Samples.StarterAssets", "Unity.XR.Interaction.Toolkit.Samples.StarterAssets.csproj", "{AC1AB734-0529-3A39-38A3-C3D27867D012}"
EndProject
Project("{FAE04EC0-301F-11D3-BF4B-00C04F79EFBC}") = "Unity.XR.Interaction.Toolkit.Samples.Hands", "Unity.XR.Interaction.Toolkit.Samples.Hands.csproj", "{108193B9-F390-C0D5-5FBD-C127FE08E45D}"
EndProject
Project("{FAE04EC0-301F-11D3-BF4B-00C04F79EFBC}") = "Unity.XR.Interaction.Toolkit.Samples.DeviceSimulator", "Unity.XR.Interaction.Toolkit.Samples.DeviceSimulator.csproj", "{DA9C2810-A52D-9763-1D9B-EFA17A76590C}"
EndProject
Project("{FAE04EC0-301F-11D3-BF4B-00C04F79EFBC}") = "Assembly-CSharp", "Assembly-CSharp.csproj", "{A79DA173-19FC-9AC9-BD1A-0BC7BDAC1867}"
EndProject
Project("{FAE04EC0-301F-11D3-BF4B-00C04F79EFBC}") = "Unity.XR.Interaction.Toolkit.Samples.Hands.Editor", "Unity.XR.Interaction.Toolkit.Samples.Hands.Editor.csproj", "{B83D3BDF-8E33-1589-03C9-3E32E27BF5F8}"
EndProject
Project("{FAE04EC0-301F-11D3-BF4B-00C04F79EFBC}") = "Unity.XR.Interaction.Toolkit.Samples.StarterAssets.Editor", "Unity.XR.Interaction.Toolkit.Samples.StarterAssets.Editor.csproj", "{5EA2DE6D-B132-FE7E-64DF-97D226C58D66}"
EndProject
Global
	GlobalSection(SolutionConfigurationPlatforms) = preSolution
		Debug|Any CPU = Debug|Any CPU
		Release|Any CPU = Release|Any CPU
	EndGlobalSection
	GlobalSection(ProjectConfigurationPlatforms) = postSolution
		{AC1AB734-0529-3A39-38A3-C3D27867D012}.Debug|Any CPU.ActiveCfg = Debug|Any CPU
		{AC1AB734-0529-3A39-38A3-C3D27867D012}.Debug|Any CPU.Build.0 = Debug|Any CPU
		{AC1AB734-0529-3A39-38A3-C3D27867D012}.Release|Any CPU.ActiveCfg = Release|Any CPU
		{AC1AB734-0529-3A39-38A3-C3D27867D012}.Release|Any CPU.Build.0 = Release|Any CPU
		{108193B9-F390-C0D5-5FBD-C127FE08E45D}.Debug|Any CPU.ActiveCfg = Debug|Any CPU
		{108193B9-F390-C0D5-5FBD-C127FE08E45D}.Debug|Any CPU.Build.0 = Debug|Any CPU
		{108193B9-F390-C0D5-5FBD-C127FE08E45D}.Release|Any CPU.ActiveCfg = Release|Any CPU
		{108193B9-F390-C0D5-5FBD-C127FE08E45D}.Release|Any CPU.Build.0 = Release|Any CPU
		{DA9C2810-A52D-9763-1D9B-EFA17A76590C}.Debug|Any CPU.ActiveCfg = Debug|Any CPU
		{DA9C2810-A52D-9763-1D9B-EFA17A76590C}.Debug|Any CPU.Build.0 = Debug|Any CPU
		{DA9C2810-A52D-9763-1D9B-EFA17A76590C}.Release|Any CPU.ActiveCfg = Release|Any CPU
		{DA9C2810-A52D-9763-1D9B-EFA17A76590C}.Release|Any CPU.Build.0 = Release|Any CPU
		{A79DA173-19FC-9AC9-BD1A-0BC7BDAC1867}.Debug|Any CPU.ActiveCfg = Debug|Any CPU
		{A79DA173-19FC-9AC9-BD1A-0BC7BDAC1867}.Debug|Any CPU.Build.0 = Debug|Any CPU
		{A79DA173-19FC-9AC9-BD1A-0BC7BDAC1867}.Release|Any CPU.ActiveCfg = Release|Any CPU
		{A79DA173-19FC-9AC9-BD1A-0BC7BDAC1867}.Release|Any CPU.Build.0 = Release|Any CPU
		{B83D3BDF-8E33-1589-03C9-3E32E27BF5F8}.Debug|Any CPU.ActiveCfg = Debug|Any CPU
		{B83D3BDF-8E33-1589-03C9-3E32E27BF5F8}.Debug|Any CPU.Build.0 = Debug|Any CPU
		{B83D3BDF-8E33-1589-03C9-3E32E27BF5F8}.Release|Any CPU.ActiveCfg = Release|Any CPU
		{B83D3BDF-8E33-1589-03C9-3E32E27BF5F8}.Release|Any CPU.Build.0 = Release|Any CPU
		{5EA2DE6D-B132-FE7E-64DF-97D226C58D66}.Debug|Any CPU.ActiveCfg = Debug|Any CPU
		{5EA2DE6D-B132-FE7E-64DF-97D226C58D66}.Debug|Any CPU.Build.0 = Debug|Any CPU
		{5EA2DE6D-B132-FE7E-64DF-97D226C58D66}.Release|Any CPU.ActiveCfg = Release|Any CPU
		{5EA2DE6D-B132-FE7E-64DF-97D226C58D66}.Release|Any CPU.Build.0 = Release|Any CPU
	EndGlobalSection
	GlobalSection(SolutionProperties) = preSolution
		HideSolutionNode = FALSE
	EndGlobalSection
EndGlobal
